// !$*UTF8*$!
{
	archiveVersion = 1;
	classes = {
	};
	objectVersion = 56;
	objects = {

/* Begin PBXBuildFile section */
		CA6896ED2CC26B55005315B1 /* DATEROAD_SwiftUIApp.swift in Sources */ = {isa = PBXBuildFile; fileRef = CA6896EC2CC26B55005315B1 /* DATEROAD_SwiftUIApp.swift */; };
		CA6896EF2CC26B55005315B1 /* LoginView.swift in Sources */ = {isa = PBXBuildFile; fileRef = CA6896EE2CC26B55005315B1 /* LoginView.swift */; };
		CA6896F12CC26B56005315B1 /* Assets.xcassets in Resources */ = {isa = PBXBuildFile; fileRef = CA6896F02CC26B56005315B1 /* Assets.xcassets */; };
		CA6896F42CC26B56005315B1 /* Preview Assets.xcassets in Resources */ = {isa = PBXBuildFile; fileRef = CA6896F32CC26B56005315B1 /* Preview Assets.xcassets */; };
		CA6897092CC27E3E005315B1 /* SUIT-Bold.otf in Resources */ = {isa = PBXBuildFile; fileRef = CA6897042CC27E3E005315B1 /* SUIT-Bold.otf */; };
		CA68970A2CC27E3E005315B1 /* SUIT-Regular.otf in Resources */ = {isa = PBXBuildFile; fileRef = CA6897052CC27E3E005315B1 /* SUIT-Regular.otf */; };
		CA68970B2CC27E3E005315B1 /* SUIT-ExtraBold.otf in Resources */ = {isa = PBXBuildFile; fileRef = CA6897062CC27E3E005315B1 /* SUIT-ExtraBold.otf */; };
		CA68970C2CC27E3E005315B1 /* SUIT-Medium.otf in Resources */ = {isa = PBXBuildFile; fileRef = CA6897072CC27E3E005315B1 /* SUIT-Medium.otf */; };
		CA68970D2CC27E3E005315B1 /* SUIT-SemiBold.otf in Resources */ = {isa = PBXBuildFile; fileRef = CA6897082CC27E3E005315B1 /* SUIT-SemiBold.otf */; };
		CA6897102CC27EC1005315B1 /* Font+.swift in Sources */ = {isa = PBXBuildFile; fileRef = CA68970F2CC27EC1005315B1 /* Font+.swift */; };
		CA6897142CC28239005315B1 /* StringLiterals.swift in Sources */ = {isa = PBXBuildFile; fileRef = CA6897132CC28239005315B1 /* StringLiterals.swift */; };
		CA6897182CC284C6005315B1 /* Development.xcconfig in Resources */ = {isa = PBXBuildFile; fileRef = CA6897172CC284C6005315B1 /* Development.xcconfig */; };
		CA68971A2CC287A3005315B1 /* Config.swift in Sources */ = {isa = PBXBuildFile; fileRef = CA6897192CC287A3005315B1 /* Config.swift */; };
/* End PBXBuildFile section */

/* Begin PBXFileReference section */
		CA6896E92CC26B55005315B1 /* DATEROAD-SwiftUI.app */ = {isa = PBXFileReference; explicitFileType = wrapper.application; includeInIndex = 0; path = "DATEROAD-SwiftUI.app"; sourceTree = BUILT_PRODUCTS_DIR; };
		CA6896EC2CC26B55005315B1 /* DATEROAD_SwiftUIApp.swift */ = {isa = PBXFileReference; lastKnownFileType = sourcecode.swift; path = DATEROAD_SwiftUIApp.swift; sourceTree = "<group>"; };
		CA6896EE2CC26B55005315B1 /* LoginView.swift */ = {isa = PBXFileReference; lastKnownFileType = sourcecode.swift; path = LoginView.swift; sourceTree = "<group>"; };
		CA6896F02CC26B56005315B1 /* Assets.xcassets */ = {isa = PBXFileReference; lastKnownFileType = folder.assetcatalog; path = Assets.xcassets; sourceTree = "<group>"; };
		CA6896F32CC26B56005315B1 /* Preview Assets.xcassets */ = {isa = PBXFileReference; lastKnownFileType = folder.assetcatalog; path = "Preview Assets.xcassets"; sourceTree = "<group>"; };
		CA6897042CC27E3E005315B1 /* SUIT-Bold.otf */ = {isa = PBXFileReference; lastKnownFileType = file; path = "SUIT-Bold.otf"; sourceTree = "<group>"; };
		CA6897052CC27E3E005315B1 /* SUIT-Regular.otf */ = {isa = PBXFileReference; lastKnownFileType = file; path = "SUIT-Regular.otf"; sourceTree = "<group>"; };
		CA6897062CC27E3E005315B1 /* SUIT-ExtraBold.otf */ = {isa = PBXFileReference; lastKnownFileType = file; path = "SUIT-ExtraBold.otf"; sourceTree = "<group>"; };
		CA6897072CC27E3E005315B1 /* SUIT-Medium.otf */ = {isa = PBXFileReference; lastKnownFileType = file; path = "SUIT-Medium.otf"; sourceTree = "<group>"; };
		CA6897082CC27E3E005315B1 /* SUIT-SemiBold.otf */ = {isa = PBXFileReference; lastKnownFileType = file; path = "SUIT-SemiBold.otf"; sourceTree = "<group>"; };
		CA68970F2CC27EC1005315B1 /* Font+.swift */ = {isa = PBXFileReference; lastKnownFileType = sourcecode.swift; path = "Font+.swift"; sourceTree = "<group>"; };
		CA6897112CC280F9005315B1 /* Info.plist */ = {isa = PBXFileReference; lastKnownFileType = text.plist; path = Info.plist; sourceTree = "<group>"; };
		CA6897132CC28239005315B1 /* StringLiterals.swift */ = {isa = PBXFileReference; lastKnownFileType = sourcecode.swift; path = StringLiterals.swift; sourceTree = "<group>"; };
		CA6897172CC284C6005315B1 /* Development.xcconfig */ = {isa = PBXFileReference; lastKnownFileType = text.xcconfig; path = Development.xcconfig; sourceTree = "<group>"; };
		CA6897192CC287A3005315B1 /* Config.swift */ = {isa = PBXFileReference; lastKnownFileType = sourcecode.swift; path = Config.swift; sourceTree = "<group>"; };
/* End PBXFileReference section */

/* Begin PBXFrameworksBuildPhase section */
		CA6896E62CC26B55005315B1 /* Frameworks */ = {
			isa = PBXFrameworksBuildPhase;
			buildActionMask = 2147483647;
			files = (
			);
			runOnlyForDeploymentPostprocessing = 0;
		};
/* End PBXFrameworksBuildPhase section */

/* Begin PBXGroup section */
		CA6896E02CC26B55005315B1 = {
			isa = PBXGroup;
			children = (
				CA6896EB2CC26B55005315B1 /* DATEROAD-SwiftUI */,
				CA6896EA2CC26B55005315B1 /* Products */,
			);
			sourceTree = "<group>";
		};
		CA6896EA2CC26B55005315B1 /* Products */ = {
			isa = PBXGroup;
			children = (
				CA6896E92CC26B55005315B1 /* DATEROAD-SwiftUI.app */,
			);
			name = Products;
			sourceTree = "<group>";
		};
		CA6896EB2CC26B55005315B1 /* DATEROAD-SwiftUI */ = {
			isa = PBXGroup;
			children = (
				CA6897112CC280F9005315B1 /* Info.plist */,
				CA6897012CC26F37005315B1 /* Global */,
				CA6896FC2CC26DD3005315B1 /* Presentation */,
				CA6896EC2CC26B55005315B1 /* DATEROAD_SwiftUIApp.swift */,
				CA6896F22CC26B56005315B1 /* Preview Content */,
			);
			path = "DATEROAD-SwiftUI";
			sourceTree = "<group>";
		};
		CA6896F22CC26B56005315B1 /* Preview Content */ = {
			isa = PBXGroup;
			children = (
				CA6896F32CC26B56005315B1 /* Preview Assets.xcassets */,
			);
			path = "Preview Content";
			sourceTree = "<group>";
		};
		CA6896FC2CC26DD3005315B1 /* Presentation */ = {
			isa = PBXGroup;
			children = (
				CA6896FD2CC26DE1005315B1 /* Login */,
			);
			path = Presentation;
			sourceTree = "<group>";
		};
		CA6896FD2CC26DE1005315B1 /* Login */ = {
			isa = PBXGroup;
			children = (
				CA6897002CC26E08005315B1 /* Model */,
				CA6896FF2CC26E01005315B1 /* ViewModel */,
				CA6896FE2CC26DEA005315B1 /* View */,
			);
			path = Login;
			sourceTree = "<group>";
		};
		CA6896FE2CC26DEA005315B1 /* View */ = {
			isa = PBXGroup;
			children = (
				CA6896EE2CC26B55005315B1 /* LoginView.swift */,
			);
			path = View;
			sourceTree = "<group>";
		};
		CA6896FF2CC26E01005315B1 /* ViewModel */ = {
			isa = PBXGroup;
			children = (
			);
			path = ViewModel;
			sourceTree = "<group>";
		};
		CA6897002CC26E08005315B1 /* Model */ = {
			isa = PBXGroup;
			children = (
			);
			path = Model;
			sourceTree = "<group>";
		};
		CA6897012CC26F37005315B1 /* Global */ = {
			isa = PBXGroup;
			children = (
				CA6897152CC28479005315B1 /* Setting */,
				CA6897122CC2820E005315B1 /* Literal */,
				CA68970E2CC27EAD005315B1 /* Extension */,
				CA6897022CC26F3E005315B1 /* Resources */,
			);
			path = Global;
			sourceTree = "<group>";
		};
		CA6897022CC26F3E005315B1 /* Resources */ = {
			isa = PBXGroup;
			children = (
				CA6897032CC27E1B005315B1 /* Font */,
				CA6896F02CC26B56005315B1 /* Assets.xcassets */,
			);
			path = Resources;
			sourceTree = "<group>";
		};
		CA6897032CC27E1B005315B1 /* Font */ = {
			isa = PBXGroup;
			children = (
				CA6897042CC27E3E005315B1 /* SUIT-Bold.otf */,
				CA6897062CC27E3E005315B1 /* SUIT-ExtraBold.otf */,
				CA6897072CC27E3E005315B1 /* SUIT-Medium.otf */,
				CA6897052CC27E3E005315B1 /* SUIT-Regular.otf */,
				CA6897082CC27E3E005315B1 /* SUIT-SemiBold.otf */,
			);
			path = Font;
			sourceTree = "<group>";
		};
		CA68970E2CC27EAD005315B1 /* Extension */ = {
			isa = PBXGroup;
			children = (
				CA68970F2CC27EC1005315B1 /* Font+.swift */,
			);
			path = Extension;
			sourceTree = "<group>";
		};
		CA6897122CC2820E005315B1 /* Literal */ = {
			isa = PBXGroup;
			children = (
				CA6897132CC28239005315B1 /* StringLiterals.swift */,
			);
			path = Literal;
			sourceTree = "<group>";
		};
		CA6897152CC28479005315B1 /* Setting */ = {
			isa = PBXGroup;
			children = (
				CA6897162CC284AB005315B1 /* Configuration */,
			);
			path = Setting;
			sourceTree = "<group>";
		};
		CA6897162CC284AB005315B1 /* Configuration */ = {
			isa = PBXGroup;
			children = (
				CA6897172CC284C6005315B1 /* Development.xcconfig */,
				CA6897192CC287A3005315B1 /* Config.swift */,
			);
			path = Configuration;
			sourceTree = "<group>";
		};
/* End PBXGroup section */

/* Begin PBXNativeTarget section */
		CA6896E82CC26B55005315B1 /* DATEROAD-SwiftUI */ = {
			isa = PBXNativeTarget;
			buildConfigurationList = CA6896F72CC26B56005315B1 /* Build configuration list for PBXNativeTarget "DATEROAD-SwiftUI" */;
			buildPhases = (
				CA6896E52CC26B55005315B1 /* Sources */,
				CA6896E62CC26B55005315B1 /* Frameworks */,
				CA6896E72CC26B55005315B1 /* Resources */,
			);
			buildRules = (
			);
			dependencies = (
			);
			name = "DATEROAD-SwiftUI";
			productName = "DATEROAD-SwiftUI";
			productReference = CA6896E92CC26B55005315B1 /* DATEROAD-SwiftUI.app */;
			productType = "com.apple.product-type.application";
		};
/* End PBXNativeTarget section */

/* Begin PBXProject section */
		CA6896E12CC26B55005315B1 /* Project object */ = {
			isa = PBXProject;
			attributes = {
				BuildIndependentTargetsInParallel = 1;
				LastSwiftUpdateCheck = 1540;
				LastUpgradeCheck = 1540;
				TargetAttributes = {
					CA6896E82CC26B55005315B1 = {
						CreatedOnToolsVersion = 15.4;
					};
				};
			};
			buildConfigurationList = CA6896E42CC26B55005315B1 /* Build configuration list for PBXProject "DATEROAD-SwiftUI" */;
			compatibilityVersion = "Xcode 14.0";
			developmentRegion = en;
			hasScannedForEncodings = 0;
			knownRegions = (
				en,
				Base,
			);
			mainGroup = CA6896E02CC26B55005315B1;
			productRefGroup = CA6896EA2CC26B55005315B1 /* Products */;
			projectDirPath = "";
			projectRoot = "";
			targets = (
				CA6896E82CC26B55005315B1 /* DATEROAD-SwiftUI */,
			);
		};
/* End PBXProject section */

/* Begin PBXResourcesBuildPhase section */
		CA6896E72CC26B55005315B1 /* Resources */ = {
			isa = PBXResourcesBuildPhase;
			buildActionMask = 2147483647;
			files = (
				CA6897092CC27E3E005315B1 /* SUIT-Bold.otf in Resources */,
				CA6896F42CC26B56005315B1 /* Preview Assets.xcassets in Resources */,
				CA68970B2CC27E3E005315B1 /* SUIT-ExtraBold.otf in Resources */,
				CA68970C2CC27E3E005315B1 /* SUIT-Medium.otf in Resources */,
				CA68970D2CC27E3E005315B1 /* SUIT-SemiBold.otf in Resources */,
				CA6896F12CC26B56005315B1 /* Assets.xcassets in Resources */,
				CA6897182CC284C6005315B1 /* Development.xcconfig in Resources */,
				CA68970A2CC27E3E005315B1 /* SUIT-Regular.otf in Resources */,
			);
			runOnlyForDeploymentPostprocessing = 0;
		};
/* End PBXResourcesBuildPhase section */

/* Begin PBXSourcesBuildPhase section */
		CA6896E52CC26B55005315B1 /* Sources */ = {
			isa = PBXSourcesBuildPhase;
			buildActionMask = 2147483647;
			files = (
				CA6897102CC27EC1005315B1 /* Font+.swift in Sources */,
				CA6896EF2CC26B55005315B1 /* LoginView.swift in Sources */,
				CA68971A2CC287A3005315B1 /* Config.swift in Sources */,
				CA6897142CC28239005315B1 /* StringLiterals.swift in Sources */,
				CA6896ED2CC26B55005315B1 /* DATEROAD_SwiftUIApp.swift in Sources */,
			);
			runOnlyForDeploymentPostprocessing = 0;
		};
/* End PBXSourcesBuildPhase section */

/* Begin XCBuildConfiguration section */
		CA6896F52CC26B56005315B1 /* Debug */ = {
			isa = XCBuildConfiguration;
			buildSettings = {
				ALWAYS_SEARCH_USER_PATHS = NO;
				ASSETCATALOG_COMPILER_GENERATE_SWIFT_ASSET_SYMBOL_EXTENSIONS = YES;
				CLANG_ANALYZER_NONNULL = YES;
				CLANG_ANALYZER_NUMBER_OBJECT_CONVERSION = YES_AGGRESSIVE;
				CLANG_CXX_LANGUAGE_STANDARD = "gnu++20";
				CLANG_ENABLE_MODULES = YES;
				CLANG_ENABLE_OBJC_ARC = YES;
				CLANG_ENABLE_OBJC_WEAK = YES;
				CLANG_WARN_BLOCK_CAPTURE_AUTORELEASING = YES;
				CLANG_WARN_BOOL_CONVERSION = YES;
				CLANG_WARN_COMMA = YES;
				CLANG_WARN_CONSTANT_CONVERSION = YES;
				CLANG_WARN_DEPRECATED_OBJC_IMPLEMENTATIONS = YES;
				CLANG_WARN_DIRECT_OBJC_ISA_USAGE = YES_ERROR;
				CLANG_WARN_DOCUMENTATION_COMMENTS = YES;
				CLANG_WARN_EMPTY_BODY = YES;
				CLANG_WARN_ENUM_CONVERSION = YES;
				CLANG_WARN_INFINITE_RECURSION = YES;
				CLANG_WARN_INT_CONVERSION = YES;
				CLANG_WARN_NON_LITERAL_NULL_CONVERSION = YES;
				CLANG_WARN_OBJC_IMPLICIT_RETAIN_SELF = YES;
				CLANG_WARN_OBJC_LITERAL_CONVERSION = YES;
				CLANG_WARN_OBJC_ROOT_CLASS = YES_ERROR;
				CLANG_WARN_QUOTED_INCLUDE_IN_FRAMEWORK_HEADER = YES;
				CLANG_WARN_RANGE_LOOP_ANALYSIS = YES;
				CLANG_WARN_STRICT_PROTOTYPES = YES;
				CLANG_WARN_SUSPICIOUS_MOVE = YES;
				CLANG_WARN_UNGUARDED_AVAILABILITY = YES_AGGRESSIVE;
				CLANG_WARN_UNREACHABLE_CODE = YES;
				CLANG_WARN__DUPLICATE_METHOD_MATCH = YES;
				COPY_PHASE_STRIP = NO;
				DEBUG_INFORMATION_FORMAT = dwarf;
				ENABLE_STRICT_OBJC_MSGSEND = YES;
				ENABLE_TESTABILITY = YES;
				ENABLE_USER_SCRIPT_SANDBOXING = YES;
				GCC_C_LANGUAGE_STANDARD = gnu17;
				GCC_DYNAMIC_NO_PIC = NO;
				GCC_NO_COMMON_BLOCKS = YES;
				GCC_OPTIMIZATION_LEVEL = 0;
				GCC_PREPROCESSOR_DEFINITIONS = (
					"DEBUG=1",
					"$(inherited)",
				);
				GCC_WARN_64_TO_32_BIT_CONVERSION = YES;
				GCC_WARN_ABOUT_RETURN_TYPE = YES_ERROR;
				GCC_WARN_UNDECLARED_SELECTOR = YES;
				GCC_WARN_UNINITIALIZED_AUTOS = YES_AGGRESSIVE;
				GCC_WARN_UNUSED_FUNCTION = YES;
				GCC_WARN_UNUSED_VARIABLE = YES;
				IPHONEOS_DEPLOYMENT_TARGET = 15.0;
				LOCALIZATION_PREFERS_STRING_CATALOGS = YES;
				MTL_ENABLE_DEBUG_INFO = INCLUDE_SOURCE;
				MTL_FAST_MATH = YES;
				ONLY_ACTIVE_ARCH = YES;
				SDKROOT = iphoneos;
				SWIFT_ACTIVE_COMPILATION_CONDITIONS = "DEBUG $(inherited)";
				SWIFT_OPTIMIZATION_LEVEL = "-Onone";
			};
			name = Debug;
		};
		CA6896F62CC26B56005315B1 /* Release */ = {
			isa = XCBuildConfiguration;
			buildSettings = {
				ALWAYS_SEARCH_USER_PATHS = NO;
				ASSETCATALOG_COMPILER_GENERATE_SWIFT_ASSET_SYMBOL_EXTENSIONS = YES;
				CLANG_ANALYZER_NONNULL = YES;
				CLANG_ANALYZER_NUMBER_OBJECT_CONVERSION = YES_AGGRESSIVE;
				CLANG_CXX_LANGUAGE_STANDARD = "gnu++20";
				CLANG_ENABLE_MODULES = YES;
				CLANG_ENABLE_OBJC_ARC = YES;
				CLANG_ENABLE_OBJC_WEAK = YES;
				CLANG_WARN_BLOCK_CAPTURE_AUTORELEASING = YES;
				CLANG_WARN_BOOL_CONVERSION = YES;
				CLANG_WARN_COMMA = YES;
				CLANG_WARN_CONSTANT_CONVERSION = YES;
				CLANG_WARN_DEPRECATED_OBJC_IMPLEMENTATIONS = YES;
				CLANG_WARN_DIRECT_OBJC_ISA_USAGE = YES_ERROR;
				CLANG_WARN_DOCUMENTATION_COMMENTS = YES;
				CLANG_WARN_EMPTY_BODY = YES;
				CLANG_WARN_ENUM_CONVERSION = YES;
				CLANG_WARN_INFINITE_RECURSION = YES;
				CLANG_WARN_INT_CONVERSION = YES;
				CLANG_WARN_NON_LITERAL_NULL_CONVERSION = YES;
				CLANG_WARN_OBJC_IMPLICIT_RETAIN_SELF = YES;
				CLANG_WARN_OBJC_LITERAL_CONVERSION = YES;
				CLANG_WARN_OBJC_ROOT_CLASS = YES_ERROR;
				CLANG_WARN_QUOTED_INCLUDE_IN_FRAMEWORK_HEADER = YES;
				CLANG_WARN_RANGE_LOOP_ANALYSIS = YES;
				CLANG_WARN_STRICT_PROTOTYPES = YES;
				CLANG_WARN_SUSPICIOUS_MOVE = YES;
				CLANG_WARN_UNGUARDED_AVAILABILITY = YES_AGGRESSIVE;
				CLANG_WARN_UNREACHABLE_CODE = YES;
				CLANG_WARN__DUPLICATE_METHOD_MATCH = YES;
				COPY_PHASE_STRIP = NO;
				DEBUG_INFORMATION_FORMAT = "dwarf-with-dsym";
				ENABLE_NS_ASSERTIONS = NO;
				ENABLE_STRICT_OBJC_MSGSEND = YES;
				ENABLE_USER_SCRIPT_SANDBOXING = YES;
				GCC_C_LANGUAGE_STANDARD = gnu17;
				GCC_NO_COMMON_BLOCKS = YES;
				GCC_WARN_64_TO_32_BIT_CONVERSION = YES;
				GCC_WARN_ABOUT_RETURN_TYPE = YES_ERROR;
				GCC_WARN_UNDECLARED_SELECTOR = YES;
				GCC_WARN_UNINITIALIZED_AUTOS = YES_AGGRESSIVE;
				GCC_WARN_UNUSED_FUNCTION = YES;
				GCC_WARN_UNUSED_VARIABLE = YES;
				IPHONEOS_DEPLOYMENT_TARGET = 15.0;
				LOCALIZATION_PREFERS_STRING_CATALOGS = YES;
				MTL_ENABLE_DEBUG_INFO = NO;
				MTL_FAST_MATH = YES;
				SDKROOT = iphoneos;
				SWIFT_COMPILATION_MODE = wholemodule;
				VALIDATE_PRODUCT = YES;
			};
			name = Release;
		};
		CA6896F82CC26B56005315B1 /* Debug */ = {
			isa = XCBuildConfiguration;
			buildSettings = {
				ASSETCATALOG_COMPILER_APPICON_NAME = AppIcon;
				ASSETCATALOG_COMPILER_GLOBAL_ACCENT_COLOR_NAME = AccentColor;
				CODE_SIGN_STYLE = Automatic;
				CURRENT_PROJECT_VERSION = 1;
				DEVELOPMENT_ASSET_PATHS = "\"DATEROAD-SwiftUI/Preview Content\"";
				DEVELOPMENT_TEAM = 72B557RJ7S;
				ENABLE_PREVIEWS = YES;
				GENERATE_INFOPLIST_FILE = YES;
				INFOPLIST_FILE = "DATEROAD-SwiftUI/Info.plist";
				INFOPLIST_KEY_UIApplicationSceneManifest_Generation = YES;
				INFOPLIST_KEY_UIApplicationSupportsIndirectInputEvents = YES;
				INFOPLIST_KEY_UILaunchScreen_Generation = YES;
				INFOPLIST_KEY_UISupportedInterfaceOrientations_iPad = "UIInterfaceOrientationPortrait UIInterfaceOrientationPortraitUpsideDown UIInterfaceOrientationLandscapeLeft UIInterfaceOrientationLandscapeRight";
				INFOPLIST_KEY_UISupportedInterfaceOrientations_iPhone = "UIInterfaceOrientationPortrait UIInterfaceOrientationLandscapeLeft UIInterfaceOrientationLandscapeRight";
				LD_RUNPATH_SEARCH_PATHS = (
					"$(inherited)",
					"@executable_path/Frameworks",
				);
				MARKETING_VERSION = 1.0;
				PRODUCT_BUNDLE_IDENTIFIER = "com.heeseul.DATEROAD-SwiftUI";
				PRODUCT_NAME = "$(TARGET_NAME)";
				SWIFT_EMIT_LOC_STRINGS = YES;
				SWIFT_VERSION = 5.0;
				TARGETED_DEVICE_FAMILY = "1,2";
			};
			name = Debug;
		};
		CA6896F92CC26B56005315B1 /* Release */ = {
			isa = XCBuildConfiguration;
			buildSettings = {
				ASSETCATALOG_COMPILER_APPICON_NAME = AppIcon;
				ASSETCATALOG_COMPILER_GLOBAL_ACCENT_COLOR_NAME = AccentColor;
				CODE_SIGN_STYLE = Automatic;
				CURRENT_PROJECT_VERSION = 1;
				DEVELOPMENT_ASSET_PATHS = "\"DATEROAD-SwiftUI/Preview Content\"";
				DEVELOPMENT_TEAM = 72B557RJ7S;
				ENABLE_PREVIEWS = YES;
				GENERATE_INFOPLIST_FILE = YES;
				INFOPLIST_FILE = "DATEROAD-SwiftUI/Info.plist";
				INFOPLIST_KEY_UIApplicationSceneManifest_Generation = YES;
				INFOPLIST_KEY_UIApplicationSupportsIndirectInputEvents = YES;
				INFOPLIST_KEY_UILaunchScreen_Generation = YES;
				INFOPLIST_KEY_UISupportedInterfaceOrientations_iPad = "UIInterfaceOrientationPortrait UIInterfaceOrientationPortraitUpsideDown UIInterfaceOrientationLandscapeLeft UIInterfaceOrientationLandscapeRight";
				INFOPLIST_KEY_UISupportedInterfaceOrientations_iPhone = "UIInterfaceOrientationPortrait UIInterfaceOrientationLandscapeLeft UIInterfaceOrientationLandscapeRight";
				LD_RUNPATH_SEARCH_PATHS = (
					"$(inherited)",
					"@executable_path/Frameworks",
				);
				MARKETING_VERSION = 1.0;
				PRODUCT_BUNDLE_IDENTIFIER = "com.heeseul.DATEROAD-SwiftUI";
				PRODUCT_NAME = "$(TARGET_NAME)";
				SWIFT_EMIT_LOC_STRINGS = YES;
				SWIFT_VERSION = 5.0;
				TARGETED_DEVICE_FAMILY = "1,2";
			};
			name = Release;
		};
/* End XCBuildConfiguration section */

/* Begin XCConfigurationList section */
		CA6896E42CC26B55005315B1 /* Build configuration list for PBXProject "DATEROAD-SwiftUI" */ = {
			isa = XCConfigurationList;
			buildConfigurations = (
				CA6896F52CC26B56005315B1 /* Debug */,
				CA6896F62CC26B56005315B1 /* Release */,
			);
			defaultConfigurationIsVisible = 0;
			defaultConfigurationName = Release;
		};
		CA6896F72CC26B56005315B1 /* Build configuration list for PBXNativeTarget "DATEROAD-SwiftUI" */ = {
			isa = XCConfigurationList;
			buildConfigurations = (
				CA6896F82CC26B56005315B1 /* Debug */,
				CA6896F92CC26B56005315B1 /* Release */,
			);
			defaultConfigurationIsVisible = 0;
			defaultConfigurationName = Release;
		};
/* End XCConfigurationList section */
	};
	rootObject = CA6896E12CC26B55005315B1 /* Project object */;
}
